
Microsoft Visual Studio Solution File, Format Version 12.00
# Visual Studio 15
VisualStudioVersion = 15.0.26730.12
MinimumVisualStudioVersion = 10.0.40219.1
Project("{9A19103F-16F7-4668-BE54-9A1E7A4F7556}") = "Deltix.Containers", "src\Containers\Deltix.Containers.csproj", "{8179EA91-36DE-4AF4-AA57-A66CDF3EC1C7}"
EndProject
Project("{9A19103F-16F7-4668-BE54-9A1E7A4F7556}") = "Deltix.Containers.Tests", "tests\Containers.Tests\Deltix.Containers.Tests.csproj", "{FB2128C5-1085-4453-AF9F-441D738CABC4}"
EndProject
Global
	GlobalSection(SolutionConfigurationPlatforms) = preSolution
		Debug|Any CPU = Debug|Any CPU
		Release|Any CPU = Release|Any CPU
	EndGlobalSection
	GlobalSection(ProjectConfigurationPlatforms) = postSolution
		{8179EA91-36DE-4AF4-AA57-A66CDF3EC1C7}.Debug|Any CPU.ActiveCfg = Debug|Any CPU
		{8179EA91-36DE-4AF4-AA57-A66CDF3EC1C7}.Debug|Any CPU.Build.0 = Debug|Any CPU
		{8179EA91-36DE-4AF4-AA57-A66CDF3EC1C7}.Release|Any CPU.ActiveCfg = Release|Any CPU
		{8179EA91-36DE-4AF4-AA57-A66CDF3EC1C7}.Release|Any CPU.Build.0 = Release|Any CPU
		{FB2128C5-1085-4453-AF9F-441D738CABC4}.Debug|Any CPU.ActiveCfg = Debug|Any CPU
		{FB2128C5-1085-4453-AF9F-441D738CABC4}.Debug|Any CPU.Build.0 = Debug|Any CPU
		{FB2128C5-1085-4453-AF9F-441D738CABC4}.Release|Any CPU.ActiveCfg = Release|Any CPU
		{FB2128C5-1085-4453-AF9F-441D738CABC4}.Release|Any CPU.Build.0 = Release|Any CPU
	EndGlobalSection
	GlobalSection(SolutionProperties) = preSolution
		HideSolutionNode = FALSE
	EndGlobalSection
	GlobalSection(ExtensibilityGlobals) = postSolution
		SolutionGuid = {FA5A7F96-7814-4E40-92E2-383B60135E8A}
	EndGlobalSection
EndGlobal
