
Microsoft Visual Studio Solution File, Format Version 12.00
# Visual Studio 15
VisualStudioVersion = 15.0.27130.2036
MinimumVisualStudioVersion = 10.0.40219.1
Project("{9A19103F-16F7-4668-BE54-9A1E7A4F7556}") = "RTMath.Containers", "..\csharp\src\Containers\RTMath.Containers.csproj", "{14786B15-CFD7-4AF8-BB65-C886ECE843E4}"
EndProject
Project("{9A19103F-16F7-4668-BE54-9A1E7A4F7556}") = "Benchmarks", "src\Benchmarks.csproj", "{22328409-BA92-42C6-9DC7-11BBD8752FA9}"
EndProject
Global
	GlobalSection(SolutionConfigurationPlatforms) = preSolution
		Debug|Any CPU = Debug|Any CPU
		Release|Any CPU = Release|Any CPU
	EndGlobalSection
	GlobalSection(ProjectConfigurationPlatforms) = postSolution
		{14786B15-CFD7-4AF8-BB65-C886ECE843E4}.Debug|Any CPU.ActiveCfg = Debug|Any CPU
		{14786B15-CFD7-4AF8-BB65-C886ECE843E4}.Debug|Any CPU.Build.0 = Debug|Any CPU
		{14786B15-CFD7-4AF8-BB65-C886ECE843E4}.Release|Any CPU.ActiveCfg = Release|Any CPU
		{14786B15-CFD7-4AF8-BB65-C886ECE843E4}.Release|Any CPU.Build.0 = Release|Any CPU
		{22328409-BA92-42C6-9DC7-11BBD8752FA9}.Debug|Any CPU.ActiveCfg = Debug|Any CPU
		{22328409-BA92-42C6-9DC7-11BBD8752FA9}.Debug|Any CPU.Build.0 = Debug|Any CPU
		{22328409-BA92-42C6-9DC7-11BBD8752FA9}.Release|Any CPU.ActiveCfg = Release|Any CPU
		{22328409-BA92-42C6-9DC7-11BBD8752FA9}.Release|Any CPU.Build.0 = Release|Any CPU
	EndGlobalSection
	GlobalSection(SolutionProperties) = preSolution
		HideSolutionNode = FALSE
	EndGlobalSection
	GlobalSection(ExtensibilityGlobals) = postSolution
		SolutionGuid = {1C225F72-DF7A-4125-8493-D1EFC4DC23BD}
	EndGlobalSection
EndGlobal
